// !$*UTF8*$!
{
	archiveVersion = 1;
	classes = {
	};
	objectVersion = 55;
	objects = {

/* Begin PBXBuildFile section */
		3FB7A4DC2816D0C0000B43D0 /* DetailRecipeIC.swift in Sources */ = {isa = PBXBuildFile; fileRef = 3FD2D7B3280FEAC900DB88D6 /* DetailRecipeIC.swift */; };
		3FB7A4DE2816D331000B43D0 /* RecipeDescriptionIC.swift in Sources */ = {isa = PBXBuildFile; fileRef = 3FB7A4DD2816D32E000B43D0 /* RecipeDescriptionIC.swift */; };
		3FD2D77B280FE70600DB88D6 /* CookBook-Pleshkov_Semenuk WatchKit App.app in Embed Watch Content */ = {isa = PBXBuildFile; fileRef = 3FD2D77A280FE70600DB88D6 /* CookBook-Pleshkov_Semenuk WatchKit App.app */; settings = {ATTRIBUTES = (RemoveHeadersOnCopy, ); }; };
		3FD2D783280FE70600DB88D6 /* Assets.xcassets in Resources */ = {isa = PBXBuildFile; fileRef = 3FD2D782280FE70600DB88D6 /* Assets.xcassets */; };
		3FD2D789280FE70700DB88D6 /* CookBook-Pleshkov_Semenuk WatchKit Extension.appex in Embed App Extensions */ = {isa = PBXBuildFile; fileRef = 3FD2D788280FE70700DB88D6 /* CookBook-Pleshkov_Semenuk WatchKit Extension.appex */; settings = {ATTRIBUTES = (RemoveHeadersOnCopy, ); }; };
		3FD2D78E280FE70700DB88D6 /* InterfaceController.swift in Sources */ = {isa = PBXBuildFile; fileRef = 3FD2D78D280FE70700DB88D6 /* InterfaceController.swift */; };
		3FD2D790280FE70700DB88D6 /* ExtensionDelegate.swift in Sources */ = {isa = PBXBuildFile; fileRef = 3FD2D78F280FE70700DB88D6 /* ExtensionDelegate.swift */; };
		3FD2D792280FE70700DB88D6 /* NotificationController.swift in Sources */ = {isa = PBXBuildFile; fileRef = 3FD2D791280FE70700DB88D6 /* NotificationController.swift */; };
		3FD2D794280FE70700DB88D6 /* ComplicationController.swift in Sources */ = {isa = PBXBuildFile; fileRef = 3FD2D793280FE70700DB88D6 /* ComplicationController.swift */; };
		3FD2D796280FE70800DB88D6 /* Assets.xcassets in Resources */ = {isa = PBXBuildFile; fileRef = 3FD2D795280FE70800DB88D6 /* Assets.xcassets */; };
		3FD2D7B0280FE9EE00DB88D6 /* RowTable.swift in Sources */ = {isa = PBXBuildFile; fileRef = 3FD2D7AF280FE9EE00DB88D6 /* RowTable.swift */; };
		3FD2D7B2280FEA0800DB88D6 /* TableRecipesIC.swift in Sources */ = {isa = PBXBuildFile; fileRef = 3FD2D7B1280FEA0800DB88D6 /* TableRecipesIC.swift */; };
		3FD2D7B5280FEB5200DB88D6 /* Recipes.swift in Sources */ = {isa = PBXBuildFile; fileRef = 3FD2D7B4280FEAE100DB88D6 /* Recipes.swift */; };
		3FD2D7B7280FEE8300DB88D6 /* Interface.storyboard in Resources */ = {isa = PBXBuildFile; fileRef = 3FD2D7B6280FEE8300DB88D6 /* Interface.storyboard */; };
/* End PBXBuildFile section */

/* Begin PBXContainerItemProxy section */
		3FD2D77C280FE70600DB88D6 /* PBXContainerItemProxy */ = {
			isa = PBXContainerItemProxy;
			containerPortal = 3FD2D770280FE70500DB88D6 /* Project object */;
			proxyType = 1;
			remoteGlobalIDString = 3FD2D779280FE70600DB88D6;
			remoteInfo = "CookBook-Pleshkov_Semenuk WatchKit App";
		};
		3FD2D78A280FE70700DB88D6 /* PBXContainerItemProxy */ = {
			isa = PBXContainerItemProxy;
			containerPortal = 3FD2D770280FE70500DB88D6 /* Project object */;
			proxyType = 1;
			remoteGlobalIDString = 3FD2D787280FE70700DB88D6;
			remoteInfo = "CookBook-Pleshkov_Semenuk WatchKit Extension";
		};
/* End PBXContainerItemProxy section */

/* Begin PBXCopyFilesBuildPhase section */
		3FD2D79E280FE70800DB88D6 /* Embed App Extensions */ = {
			isa = PBXCopyFilesBuildPhase;
			buildActionMask = 2147483647;
			dstPath = "";
			dstSubfolderSpec = 13;
			files = (
				3FD2D789280FE70700DB88D6 /* CookBook-Pleshkov_Semenuk WatchKit Extension.appex in Embed App Extensions */,
			);
			name = "Embed App Extensions";
			runOnlyForDeploymentPostprocessing = 0;
		};
		3FD2D7A2280FE70800DB88D6 /* Embed Watch Content */ = {
			isa = PBXCopyFilesBuildPhase;
			buildActionMask = 2147483647;
			dstPath = "$(CONTENTS_FOLDER_PATH)/Watch";
			dstSubfolderSpec = 16;
			files = (
				3FD2D77B280FE70600DB88D6 /* CookBook-Pleshkov_Semenuk WatchKit App.app in Embed Watch Content */,
			);
			name = "Embed Watch Content";
			runOnlyForDeploymentPostprocessing = 0;
		};
/* End PBXCopyFilesBuildPhase section */

/* Begin PBXFileReference section */
		3FB7A4DD2816D32E000B43D0 /* RecipeDescriptionIC.swift */ = {isa = PBXFileReference; lastKnownFileType = sourcecode.swift; path = RecipeDescriptionIC.swift; sourceTree = "<group>"; };
		3FD2D776280FE70500DB88D6 /* CookBook-Pleshkov_Semenuk.app */ = {isa = PBXFileReference; explicitFileType = wrapper.application; includeInIndex = 0; path = "CookBook-Pleshkov_Semenuk.app"; sourceTree = BUILT_PRODUCTS_DIR; };
		3FD2D77A280FE70600DB88D6 /* CookBook-Pleshkov_Semenuk WatchKit App.app */ = {isa = PBXFileReference; explicitFileType = wrapper.application; includeInIndex = 0; path = "CookBook-Pleshkov_Semenuk WatchKit App.app"; sourceTree = BUILT_PRODUCTS_DIR; };
		3FD2D782280FE70600DB88D6 /* Assets.xcassets */ = {isa = PBXFileReference; lastKnownFileType = folder.assetcatalog; path = Assets.xcassets; sourceTree = "<group>"; };
		3FD2D788280FE70700DB88D6 /* CookBook-Pleshkov_Semenuk WatchKit Extension.appex */ = {isa = PBXFileReference; explicitFileType = "wrapper.app-extension"; includeInIndex = 0; path = "CookBook-Pleshkov_Semenuk WatchKit Extension.appex"; sourceTree = BUILT_PRODUCTS_DIR; };
		3FD2D78D280FE70700DB88D6 /* InterfaceController.swift */ = {isa = PBXFileReference; lastKnownFileType = sourcecode.swift; path = InterfaceController.swift; sourceTree = "<group>"; };
		3FD2D78F280FE70700DB88D6 /* ExtensionDelegate.swift */ = {isa = PBXFileReference; lastKnownFileType = sourcecode.swift; path = ExtensionDelegate.swift; sourceTree = "<group>"; };
		3FD2D791280FE70700DB88D6 /* NotificationController.swift */ = {isa = PBXFileReference; lastKnownFileType = sourcecode.swift; path = NotificationController.swift; sourceTree = "<group>"; };
		3FD2D793280FE70700DB88D6 /* ComplicationController.swift */ = {isa = PBXFileReference; lastKnownFileType = sourcecode.swift; path = ComplicationController.swift; sourceTree = "<group>"; };
		3FD2D795280FE70800DB88D6 /* Assets.xcassets */ = {isa = PBXFileReference; lastKnownFileType = folder.assetcatalog; path = Assets.xcassets; sourceTree = "<group>"; };
		3FD2D797280FE70800DB88D6 /* Info.plist */ = {isa = PBXFileReference; lastKnownFileType = text.plist.xml; path = Info.plist; sourceTree = "<group>"; };
		3FD2D798280FE70800DB88D6 /* PushNotificationPayload.apns */ = {isa = PBXFileReference; lastKnownFileType = text; path = PushNotificationPayload.apns; sourceTree = "<group>"; };
		3FD2D7AF280FE9EE00DB88D6 /* RowTable.swift */ = {isa = PBXFileReference; lastKnownFileType = sourcecode.swift; path = RowTable.swift; sourceTree = "<group>"; };
		3FD2D7B1280FEA0800DB88D6 /* TableRecipesIC.swift */ = {isa = PBXFileReference; lastKnownFileType = sourcecode.swift; path = TableRecipesIC.swift; sourceTree = "<group>"; };
		3FD2D7B3280FEAC900DB88D6 /* DetailRecipeIC.swift */ = {isa = PBXFileReference; lastKnownFileType = sourcecode.swift; path = DetailRecipeIC.swift; sourceTree = "<group>"; };
		3FD2D7B4280FEAE100DB88D6 /* Recipes.swift */ = {isa = PBXFileReference; lastKnownFileType = sourcecode.swift; path = Recipes.swift; sourceTree = "<group>"; };
		3FD2D7B6280FEE8300DB88D6 /* Interface.storyboard */ = {isa = PBXFileReference; lastKnownFileType = file.storyboard; path = Interface.storyboard; sourceTree = "<group>"; };
/* End PBXFileReference section */

/* Begin PBXFrameworksBuildPhase section */
		3FD2D785280FE70700DB88D6 /* Frameworks */ = {
			isa = PBXFrameworksBuildPhase;
			buildActionMask = 2147483647;
			files = (
			);
			runOnlyForDeploymentPostprocessing = 0;
		};
/* End PBXFrameworksBuildPhase section */

/* Begin PBXGroup section */
		3FD2D76F280FE70500DB88D6 = {
			isa = PBXGroup;
			children = (
				3FD2D77E280FE70600DB88D6 /* CookBook-Pleshkov_Semenuk WatchKit App */,
				3FD2D78C280FE70700DB88D6 /* CookBook-Pleshkov_Semenuk WatchKit Extension */,
				3FD2D777280FE70500DB88D6 /* Products */,
			);
			sourceTree = "<group>";
		};
		3FD2D777280FE70500DB88D6 /* Products */ = {
			isa = PBXGroup;
			children = (
				3FD2D776280FE70500DB88D6 /* CookBook-Pleshkov_Semenuk.app */,
				3FD2D77A280FE70600DB88D6 /* CookBook-Pleshkov_Semenuk WatchKit App.app */,
				3FD2D788280FE70700DB88D6 /* CookBook-Pleshkov_Semenuk WatchKit Extension.appex */,
			);
			name = Products;
			sourceTree = "<group>";
		};
		3FD2D77E280FE70600DB88D6 /* CookBook-Pleshkov_Semenuk WatchKit App */ = {
			isa = PBXGroup;
			children = (
				3FD2D7B6280FEE8300DB88D6 /* Interface.storyboard */,
				3FD2D782280FE70600DB88D6 /* Assets.xcassets */,
			);
			path = "CookBook-Pleshkov_Semenuk WatchKit App";
			sourceTree = "<group>";
		};
		3FD2D78C280FE70700DB88D6 /* CookBook-Pleshkov_Semenuk WatchKit Extension */ = {
			isa = PBXGroup;
			children = (
				3FD2D7AF280FE9EE00DB88D6 /* RowTable.swift */,
				3FD2D7B3280FEAC900DB88D6 /* DetailRecipeIC.swift */,
				3FB7A4DD2816D32E000B43D0 /* RecipeDescriptionIC.swift */,
				3FD2D7B4280FEAE100DB88D6 /* Recipes.swift */,
				3FD2D7B1280FEA0800DB88D6 /* TableRecipesIC.swift */,
				3FD2D78D280FE70700DB88D6 /* InterfaceController.swift */,
				3FD2D78F280FE70700DB88D6 /* ExtensionDelegate.swift */,
				3FD2D791280FE70700DB88D6 /* NotificationController.swift */,
				3FD2D793280FE70700DB88D6 /* ComplicationController.swift */,
				3FD2D795280FE70800DB88D6 /* Assets.xcassets */,
				3FD2D797280FE70800DB88D6 /* Info.plist */,
				3FD2D798280FE70800DB88D6 /* PushNotificationPayload.apns */,
			);
			path = "CookBook-Pleshkov_Semenuk WatchKit Extension";
			sourceTree = "<group>";
		};
/* End PBXGroup section */

/* Begin PBXNativeTarget section */
		3FD2D775280FE70500DB88D6 /* CookBook-Pleshkov_Semenuk */ = {
			isa = PBXNativeTarget;
			buildConfigurationList = 3FD2D7A3280FE70800DB88D6 /* Build configuration list for PBXNativeTarget "CookBook-Pleshkov_Semenuk" */;
			buildPhases = (
				3FD2D774280FE70500DB88D6 /* Resources */,
				3FD2D7A2280FE70800DB88D6 /* Embed Watch Content */,
			);
			buildRules = (
			);
			dependencies = (
				3FD2D77D280FE70600DB88D6 /* PBXTargetDependency */,
			);
			name = "CookBook-Pleshkov_Semenuk";
			productName = "CookBook-Pleshkov_Semenuk";
			productReference = 3FD2D776280FE70500DB88D6 /* CookBook-Pleshkov_Semenuk.app */;
			productType = "com.apple.product-type.application.watchapp2-container";
		};
		3FD2D779280FE70600DB88D6 /* CookBook-Pleshkov_Semenuk WatchKit App */ = {
			isa = PBXNativeTarget;
			buildConfigurationList = 3FD2D79F280FE70800DB88D6 /* Build configuration list for PBXNativeTarget "CookBook-Pleshkov_Semenuk WatchKit App" */;
			buildPhases = (
				3FD2D778280FE70600DB88D6 /* Resources */,
				3FD2D79E280FE70800DB88D6 /* Embed App Extensions */,
			);
			buildRules = (
			);
			dependencies = (
				3FD2D78B280FE70700DB88D6 /* PBXTargetDependency */,
			);
			name = "CookBook-Pleshkov_Semenuk WatchKit App";
			productName = "CookBook-Pleshkov_Semenuk WatchKit App";
			productReference = 3FD2D77A280FE70600DB88D6 /* CookBook-Pleshkov_Semenuk WatchKit App.app */;
			productType = "com.apple.product-type.application.watchapp2";
		};
		3FD2D787280FE70700DB88D6 /* CookBook-Pleshkov_Semenuk WatchKit Extension */ = {
			isa = PBXNativeTarget;
			buildConfigurationList = 3FD2D79B280FE70800DB88D6 /* Build configuration list for PBXNativeTarget "CookBook-Pleshkov_Semenuk WatchKit Extension" */;
			buildPhases = (
				3FD2D784280FE70700DB88D6 /* Sources */,
				3FD2D785280FE70700DB88D6 /* Frameworks */,
				3FD2D786280FE70700DB88D6 /* Resources */,
			);
			buildRules = (
			);
			dependencies = (
			);
			name = "CookBook-Pleshkov_Semenuk WatchKit Extension";
			productName = "CookBook-Pleshkov_Semenuk WatchKit Extension";
			productReference = 3FD2D788280FE70700DB88D6 /* CookBook-Pleshkov_Semenuk WatchKit Extension.appex */;
			productType = "com.apple.product-type.watchkit2-extension";
		};
/* End PBXNativeTarget section */

/* Begin PBXProject section */
		3FD2D770280FE70500DB88D6 /* Project object */ = {
			isa = PBXProject;
			attributes = {
				BuildIndependentTargetsInParallel = 1;
				LastSwiftUpdateCheck = 1310;
				LastUpgradeCheck = 1310;
				TargetAttributes = {
					3FD2D775280FE70500DB88D6 = {
						CreatedOnToolsVersion = 13.1;
					};
					3FD2D779280FE70600DB88D6 = {
						CreatedOnToolsVersion = 13.1;
						LastSwiftMigration = 1310;
					};
					3FD2D787280FE70700DB88D6 = {
						CreatedOnToolsVersion = 13.1;
					};
				};
			};
			buildConfigurationList = 3FD2D773280FE70500DB88D6 /* Build configuration list for PBXProject "CookBook-Pleshkov_Semenuk" */;
			compatibilityVersion = "Xcode 13.0";
			developmentRegion = en;
			hasScannedForEncodings = 0;
			knownRegions = (
				en,
				Base,
			);
			mainGroup = 3FD2D76F280FE70500DB88D6;
			productRefGroup = 3FD2D777280FE70500DB88D6 /* Products */;
			projectDirPath = "";
			projectRoot = "";
			targets = (
				3FD2D775280FE70500DB88D6 /* CookBook-Pleshkov_Semenuk */,
				3FD2D779280FE70600DB88D6 /* CookBook-Pleshkov_Semenuk WatchKit App */,
				3FD2D787280FE70700DB88D6 /* CookBook-Pleshkov_Semenuk WatchKit Extension */,
			);
		};
/* End PBXProject section */

/* Begin PBXResourcesBuildPhase section */
		3FD2D774280FE70500DB88D6 /* Resources */ = {
			isa = PBXResourcesBuildPhase;
			buildActionMask = 2147483647;
			files = (
				3FD2D7B7280FEE8300DB88D6 /* Interface.storyboard in Resources */,
			);
			runOnlyForDeploymentPostprocessing = 0;
		};
		3FD2D778280FE70600DB88D6 /* Resources */ = {
			isa = PBXResourcesBuildPhase;
			buildActionMask = 2147483647;
			files = (
				3FD2D783280FE70600DB88D6 /* Assets.xcassets in Resources */,
			);
			runOnlyForDeploymentPostprocessing = 0;
		};
		3FD2D786280FE70700DB88D6 /* Resources */ = {
			isa = PBXResourcesBuildPhase;
			buildActionMask = 2147483647;
			files = (
				3FD2D796280FE70800DB88D6 /* Assets.xcassets in Resources */,
			);
			runOnlyForDeploymentPostprocessing = 0;
		};
/* End PBXResourcesBuildPhase section */

/* Begin PBXSourcesBuildPhase section */
		3FD2D784280FE70700DB88D6 /* Sources */ = {
			isa = PBXSourcesBuildPhase;
			buildActionMask = 2147483647;
			files = (
				3FB7A4DE2816D331000B43D0 /* RecipeDescriptionIC.swift in Sources */,
				3FD2D792280FE70700DB88D6 /* NotificationController.swift in Sources */,
				3FD2D794280FE70700DB88D6 /* ComplicationController.swift in Sources */,
				3FD2D7B5280FEB5200DB88D6 /* Recipes.swift in Sources */,
				3FD2D7B2280FEA0800DB88D6 /* TableRecipesIC.swift in Sources */,
				3FD2D790280FE70700DB88D6 /* ExtensionDelegate.swift in Sources */,
				3FD2D78E280FE70700DB88D6 /* InterfaceController.swift in Sources */,
				3FB7A4DC2816D0C0000B43D0 /* DetailRecipeIC.swift in Sources */,
				3FD2D7B0280FE9EE00DB88D6 /* RowTable.swift in Sources */,
			);
			runOnlyForDeploymentPostprocessing = 0;
		};
/* End PBXSourcesBuildPhase section */

/* Begin PBXTargetDependency section */
		3FD2D77D280FE70600DB88D6 /* PBXTargetDependency */ = {
			isa = PBXTargetDependency;
			target = 3FD2D779280FE70600DB88D6 /* CookBook-Pleshkov_Semenuk WatchKit App */;
			targetProxy = 3FD2D77C280FE70600DB88D6 /* PBXContainerItemProxy */;
		};
		3FD2D78B280FE70700DB88D6 /* PBXTargetDependency */ = {
			isa = PBXTargetDependency;
			target = 3FD2D787280FE70700DB88D6 /* CookBook-Pleshkov_Semenuk WatchKit Extension */;
			targetProxy = 3FD2D78A280FE70700DB88D6 /* PBXContainerItemProxy */;
		};
/* End PBXTargetDependency section */

/* Begin XCBuildConfiguration section */
		3FD2D799280FE70800DB88D6 /* Debug */ = {
			isa = XCBuildConfiguration;
			buildSettings = {
				ALWAYS_SEARCH_USER_PATHS = NO;
				CLANG_ANALYZER_NONNULL = YES;
				CLANG_ANALYZER_NUMBER_OBJECT_CONVERSION = YES_AGGRESSIVE;
				CLANG_CXX_LANGUAGE_STANDARD = "gnu++17";
				CLANG_CXX_LIBRARY = "libc++";
				CLANG_ENABLE_MODULES = YES;
				CLANG_ENABLE_OBJC_ARC = YES;
				CLANG_ENABLE_OBJC_WEAK = YES;
				CLANG_WARN_BLOCK_CAPTURE_AUTORELEASING = YES;
				CLANG_WARN_BOOL_CONVERSION = YES;
				CLANG_WARN_COMMA = YES;
				CLANG_WARN_CONSTANT_CONVERSION = YES;
				CLANG_WARN_DEPRECATED_OBJC_IMPLEMENTATIONS = YES;
				CLANG_WARN_DIRECT_OBJC_ISA_USAGE = YES_ERROR;
				CLANG_WARN_DOCUMENTATION_COMMENTS = YES;
				CLANG_WARN_EMPTY_BODY = YES;
				CLANG_WARN_ENUM_CONVERSION = YES;
				CLANG_WARN_INFINITE_RECURSION = YES;
				CLANG_WARN_INT_CONVERSION = YES;
				CLANG_WARN_NON_LITERAL_NULL_CONVERSION = YES;
				CLANG_WARN_OBJC_IMPLICIT_RETAIN_SELF = YES;
				CLANG_WARN_OBJC_LITERAL_CONVERSION = YES;
				CLANG_WARN_OBJC_ROOT_CLASS = YES_ERROR;
				CLANG_WARN_QUOTED_INCLUDE_IN_FRAMEWORK_HEADER = YES;
				CLANG_WARN_RANGE_LOOP_ANALYSIS = YES;
				CLANG_WARN_STRICT_PROTOTYPES = YES;
				CLANG_WARN_SUSPICIOUS_MOVE = YES;
				CLANG_WARN_UNGUARDED_AVAILABILITY = YES_AGGRESSIVE;
				CLANG_WARN_UNREACHABLE_CODE = YES;
				CLANG_WARN__DUPLICATE_METHOD_MATCH = YES;
				COPY_PHASE_STRIP = NO;
				DEBUG_INFORMATION_FORMAT = dwarf;
				ENABLE_STRICT_OBJC_MSGSEND = YES;
				ENABLE_TESTABILITY = YES;
				GCC_C_LANGUAGE_STANDARD = gnu11;
				GCC_DYNAMIC_NO_PIC = NO;
				GCC_NO_COMMON_BLOCKS = YES;
				GCC_OPTIMIZATION_LEVEL = 0;
				GCC_PREPROCESSOR_DEFINITIONS = (
					"DEBUG=1",
					"$(inherited)",
				);
				GCC_WARN_64_TO_32_BIT_CONVERSION = YES;
				GCC_WARN_ABOUT_RETURN_TYPE = YES_ERROR;
				GCC_WARN_UNDECLARED_SELECTOR = YES;
				GCC_WARN_UNINITIALIZED_AUTOS = YES_AGGRESSIVE;
				GCC_WARN_UNUSED_FUNCTION = YES;
				GCC_WARN_UNUSED_VARIABLE = YES;
				MTL_ENABLE_DEBUG_INFO = INCLUDE_SOURCE;
				MTL_FAST_MATH = YES;
				ONLY_ACTIVE_ARCH = YES;
				SDKROOT = iphoneos;
				SWIFT_ACTIVE_COMPILATION_CONDITIONS = DEBUG;
				SWIFT_OPTIMIZATION_LEVEL = "-Onone";
			};
			name = Debug;
		};
		3FD2D79A280FE70800DB88D6 /* Release */ = {
			isa = XCBuildConfiguration;
			buildSettings = {
				ALWAYS_SEARCH_USER_PATHS = NO;
				CLANG_ANALYZER_NONNULL = YES;
				CLANG_ANALYZER_NUMBER_OBJECT_CONVERSION = YES_AGGRESSIVE;
				CLANG_CXX_LANGUAGE_STANDARD = "gnu++17";
				CLANG_CXX_LIBRARY = "libc++";
				CLANG_ENABLE_MODULES = YES;
				CLANG_ENABLE_OBJC_ARC = YES;
				CLANG_ENABLE_OBJC_WEAK = YES;
				CLANG_WARN_BLOCK_CAPTURE_AUTORELEASING = YES;
				CLANG_WARN_BOOL_CONVERSION = YES;
				CLANG_WARN_COMMA = YES;
				CLANG_WARN_CONSTANT_CONVERSION = YES;
				CLANG_WARN_DEPRECATED_OBJC_IMPLEMENTATIONS = YES;
				CLANG_WARN_DIRECT_OBJC_ISA_USAGE = YES_ERROR;
				CLANG_WARN_DOCUMENTATION_COMMENTS = YES;
				CLANG_WARN_EMPTY_BODY = YES;
				CLANG_WARN_ENUM_CONVERSION = YES;
				CLANG_WARN_INFINITE_RECURSION = YES;
				CLANG_WARN_INT_CONVERSION = YES;
				CLANG_WARN_NON_LITERAL_NULL_CONVERSION = YES;
				CLANG_WARN_OBJC_IMPLICIT_RETAIN_SELF = YES;
				CLANG_WARN_OBJC_LITERAL_CONVERSION = YES;
				CLANG_WARN_OBJC_ROOT_CLASS = YES_ERROR;
				CLANG_WARN_QUOTED_INCLUDE_IN_FRAMEWORK_HEADER = YES;
				CLANG_WARN_RANGE_LOOP_ANALYSIS = YES;
				CLANG_WARN_STRICT_PROTOTYPES = YES;
				CLANG_WARN_SUSPICIOUS_MOVE = YES;
				CLANG_WARN_UNGUARDED_AVAILABILITY = YES_AGGRESSIVE;
				CLANG_WARN_UNREACHABLE_CODE = YES;
				CLANG_WARN__DUPLICATE_METHOD_MATCH = YES;
				COPY_PHASE_STRIP = NO;
				DEBUG_INFORMATION_FORMAT = "dwarf-with-dsym";
				ENABLE_NS_ASSERTIONS = NO;
				ENABLE_STRICT_OBJC_MSGSEND = YES;
				GCC_C_LANGUAGE_STANDARD = gnu11;
				GCC_NO_COMMON_BLOCKS = YES;
				GCC_WARN_64_TO_32_BIT_CONVERSION = YES;
				GCC_WARN_ABOUT_RETURN_TYPE = YES_ERROR;
				GCC_WARN_UNDECLARED_SELECTOR = YES;
				GCC_WARN_UNINITIALIZED_AUTOS = YES_AGGRESSIVE;
				GCC_WARN_UNUSED_FUNCTION = YES;
				GCC_WARN_UNUSED_VARIABLE = YES;
				MTL_ENABLE_DEBUG_INFO = NO;
				MTL_FAST_MATH = YES;
				SDKROOT = iphoneos;
				SWIFT_COMPILATION_MODE = wholemodule;
				SWIFT_OPTIMIZATION_LEVEL = "-O";
				VALIDATE_PRODUCT = YES;
			};
			name = Release;
		};
		3FD2D79C280FE70800DB88D6 /* Debug */ = {
			isa = XCBuildConfiguration;
			buildSettings = {
				ASSETCATALOG_COMPILER_COMPLICATION_NAME = Complication;
				CODE_SIGN_STYLE = Automatic;
				CURRENT_PROJECT_VERSION = 1;
				GENERATE_INFOPLIST_FILE = YES;
				INFOPLIST_FILE = "CookBook-Pleshkov_Semenuk WatchKit Extension/Info.plist";
				INFOPLIST_KEY_CFBundleDisplayName = "CookBook-Pleshkov_Semenuk WatchKit Extension";
				INFOPLIST_KEY_CLKComplicationPrincipalClass = CookBook_Pleshkov_Semenuk_WatchKit_Extension.ComplicationController;
				INFOPLIST_KEY_NSHumanReadableCopyright = "";
				INFOPLIST_KEY_WKExtensionDelegateClassName = CookBook_Pleshkov_Semenuk_WatchKit_Extension.ExtensionDelegate;
				INFOPLIST_KEY_WKWatchOnly = YES;
				LD_RUNPATH_SEARCH_PATHS = (
					"$(inherited)",
					"@executable_path/Frameworks",
					"@executable_path/../../Frameworks",
				);
				MARKETING_VERSION = 1.0;
				PRODUCT_BUNDLE_IDENTIFIER = "com.lamthebse.CookBook-Pleshkov-Semenuk.watchkitapp.watchkitextension";
				PRODUCT_NAME = "${TARGET_NAME}";
				SDKROOT = watchos;
				SKIP_INSTALL = YES;
				SWIFT_EMIT_LOC_STRINGS = YES;
				SWIFT_VERSION = 5.0;
				TARGETED_DEVICE_FAMILY = 4;
				WATCHOS_DEPLOYMENT_TARGET = 8.0;
			};
			name = Debug;
		};
		3FD2D79D280FE70800DB88D6 /* Release */ = {
			isa = XCBuildConfiguration;
			buildSettings = {
				ASSETCATALOG_COMPILER_COMPLICATION_NAME = Complication;
				CODE_SIGN_STYLE = Automatic;
				CURRENT_PROJECT_VERSION = 1;
				GENERATE_INFOPLIST_FILE = YES;
				INFOPLIST_FILE = "CookBook-Pleshkov_Semenuk WatchKit Extension/Info.plist";
				INFOPLIST_KEY_CFBundleDisplayName = "CookBook-Pleshkov_Semenuk WatchKit Extension";
				INFOPLIST_KEY_CLKComplicationPrincipalClass = CookBook_Pleshkov_Semenuk_WatchKit_Extension.ComplicationController;
				INFOPLIST_KEY_NSHumanReadableCopyright = "";
				INFOPLIST_KEY_WKExtensionDelegateClassName = CookBook_Pleshkov_Semenuk_WatchKit_Extension.ExtensionDelegate;
				INFOPLIST_KEY_WKWatchOnly = YES;
				LD_RUNPATH_SEARCH_PATHS = (
					"$(inherited)",
					"@executable_path/Frameworks",
					"@executable_path/../../Frameworks",
				);
				MARKETING_VERSION = 1.0;
				PRODUCT_BUNDLE_IDENTIFIER = "com.lamthebse.CookBook-Pleshkov-Semenuk.watchkitapp.watchkitextension";
				PRODUCT_NAME = "${TARGET_NAME}";
				SDKROOT = watchos;
				SKIP_INSTALL = YES;
				SWIFT_EMIT_LOC_STRINGS = YES;
				SWIFT_VERSION = 5.0;
				TARGETED_DEVICE_FAMILY = 4;
				WATCHOS_DEPLOYMENT_TARGET = 8.0;
			};
			name = Release;
		};
		3FD2D7A0280FE70800DB88D6 /* Debug */ = {
			isa = XCBuildConfiguration;
			buildSettings = {
				ALWAYS_EMBED_SWIFT_STANDARD_LIBRARIES = YES;
				ASSETCATALOG_COMPILER_APPICON_NAME = AppIcon;
				ASSETCATALOG_COMPILER_GLOBAL_ACCENT_COLOR_NAME = AccentColor;
				CLANG_ENABLE_MODULES = YES;
				CODE_SIGN_STYLE = Automatic;
				CURRENT_PROJECT_VERSION = 1;
				GENERATE_INFOPLIST_FILE = YES;
				IBSC_MODULE = CookBook_Pleshkov_Semenuk_WatchKit_Extension;
				INFOPLIST_KEY_CFBundleDisplayName = "CookBook-Pleshkov_Semenuk WatchKit App";
				INFOPLIST_KEY_UISupportedInterfaceOrientations = "UIInterfaceOrientationPortrait UIInterfaceOrientationPortraitUpsideDown";
				LD_RUNPATH_SEARCH_PATHS = (
					"$(inherited)",
					"@executable_path/../Frameworks",
					"@loader_path/../Frameworks",
				);
				MARKETING_VERSION = 1.0;
				PRODUCT_BUNDLE_IDENTIFIER = "com.lamthebse.CookBook-Pleshkov-Semenuk.watchkitapp";
				PRODUCT_NAME = "$(TARGET_NAME)";
				SDKROOT = watchos;
				SKIP_INSTALL = YES;
				SWIFT_EMIT_LOC_STRINGS = YES;
				SWIFT_OPTIMIZATION_LEVEL = "-Onone";
				SWIFT_VERSION = 5.0;
				TARGETED_DEVICE_FAMILY = 4;
				WATCHOS_DEPLOYMENT_TARGET = 8.0;
			};
			name = Debug;
		};
		3FD2D7A1280FE70800DB88D6 /* Release */ = {
			isa = XCBuildConfiguration;
			buildSettings = {
				ALWAYS_EMBED_SWIFT_STANDARD_LIBRARIES = YES;
				ASSETCATALOG_COMPILER_APPICON_NAME = AppIcon;
				ASSETCATALOG_COMPILER_GLOBAL_ACCENT_COLOR_NAME = AccentColor;
				CLANG_ENABLE_MODULES = YES;
				CODE_SIGN_STYLE = Automatic;
				CURRENT_PROJECT_VERSION = 1;
				GENERATE_INFOPLIST_FILE = YES;
				IBSC_MODULE = CookBook_Pleshkov_Semenuk_WatchKit_Extension;
				INFOPLIST_KEY_CFBundleDisplayName = "CookBook-Pleshkov_Semenuk WatchKit App";
				INFOPLIST_KEY_UISupportedInterfaceOrientations = "UIInterfaceOrientationPortrait UIInterfaceOrientationPortraitUpsideDown";
				LD_RUNPATH_SEARCH_PATHS = (
					"$(inherited)",
					"@executable_path/../Frameworks",
					"@loader_path/../Frameworks",
				);
				MARKETING_VERSION = 1.0;
				PRODUCT_BUNDLE_IDENTIFIER = "com.lamthebse.CookBook-Pleshkov-Semenuk.watchkitapp";
				PRODUCT_NAME = "$(TARGET_NAME)";
				SDKROOT = watchos;
				SKIP_INSTALL = YES;
				SWIFT_EMIT_LOC_STRINGS = YES;
				SWIFT_VERSION = 5.0;
				TARGETED_DEVICE_FAMILY = 4;
				WATCHOS_DEPLOYMENT_TARGET = 8.0;
			};
			name = Release;
		};
		3FD2D7A4280FE70800DB88D6 /* Debug */ = {
			isa = XCBuildConfiguration;
			buildSettings = {
				CODE_SIGN_STYLE = Automatic;
				CURRENT_PROJECT_VERSION = 1;
				DEVELOPMENT_TEAM = "";
				MARKETING_VERSION = 1.0;
				PRODUCT_BUNDLE_IDENTIFIER = "com.lamthebse.CookBook-Pleshkov-Semenuk";
				PRODUCT_NAME = "$(TARGET_NAME)";
				SWIFT_VERSION = 5.0;
			};
			name = Debug;
		};
		3FD2D7A5280FE70800DB88D6 /* Release */ = {
			isa = XCBuildConfiguration;
			buildSettings = {
				CODE_SIGN_STYLE = Automatic;
				CURRENT_PROJECT_VERSION = 1;
				DEVELOPMENT_TEAM = "";
				MARKETING_VERSION = 1.0;
				PRODUCT_BUNDLE_IDENTIFIER = "com.lamthebse.CookBook-Pleshkov-Semenuk";
				PRODUCT_NAME = "$(TARGET_NAME)";
				SWIFT_VERSION = 5.0;
			};
			name = Release;
		};
/* End XCBuildConfiguration section */

/* Begin XCConfigurationList section */
		3FD2D773280FE70500DB88D6 /* Build configuration list for PBXProject "CookBook-Pleshkov_Semenuk" */ = {
			isa = XCConfigurationList;
			buildConfigurations = (
				3FD2D799280FE70800DB88D6 /* Debug */,
				3FD2D79A280FE70800DB88D6 /* Release */,
			);
			defaultConfigurationIsVisible = 0;
			defaultConfigurationName = Release;
		};
		3FD2D79B280FE70800DB88D6 /* Build configuration list for PBXNativeTarget "CookBook-Pleshkov_Semenuk WatchKit Extension" */ = {
			isa = XCConfigurationList;
			buildConfigurations = (
				3FD2D79C280FE70800DB88D6 /* Debug */,
				3FD2D79D280FE70800DB88D6 /* Release */,
			);
			defaultConfigurationIsVisible = 0;
			defaultConfigurationName = Release;
		};
		3FD2D79F280FE70800DB88D6 /* Build configuration list for PBXNativeTarget "CookBook-Pleshkov_Semenuk WatchKit App" */ = {
			isa = XCConfigurationList;
			buildConfigurations = (
				3FD2D7A0280FE70800DB88D6 /* Debug */,
				3FD2D7A1280FE70800DB88D6 /* Release */,
			);
			defaultConfigurationIsVisible = 0;
			defaultConfigurationName = Release;
		};
		3FD2D7A3280FE70800DB88D6 /* Build configuration list for PBXNativeTarget "CookBook-Pleshkov_Semenuk" */ = {
			isa = XCConfigurationList;
			buildConfigurations = (
				3FD2D7A4280FE70800DB88D6 /* Debug */,
				3FD2D7A5280FE70800DB88D6 /* Release */,
			);
			defaultConfigurationIsVisible = 0;
			defaultConfigurationName = Release;
		};
/* End XCConfigurationList section */
	};
	rootObject = 3FD2D770280FE70500DB88D6 /* Project object */;
}
